Microsoft Visual Studio Solution File, Format Version 9.00
# Visual Studio 2005
Project("{FAE04EC0-301F-11D3-BF4B-00C04F79EFBC}") = "DXExample.Module", "DXExample.Module\DXExample.Module.csproj", "{F3DCD67D-C3C0-4898-B35B-E07555368B43}"
EndProject
Project("{FAE04EC0-301F-11D3-BF4B-00C04F79EFBC}") = "DXExample.Module.Web", "DXExample.Module.Web\DXExample.Module.Web.csproj", "{4BDAB9C6-DAC8-4647-94C7-990CA5D7CE74}"
EndProject
Project("{00000000-0000-0000-0000-000000000000}") = "DXExample.Web", "DXExample.Web\DXExample.Web.csproj", "{DAC9E4E4-8EEE-4420-B5D9-D6E795BD0645}"
EndProject
Project("{FAE04EC0-301F-11D3-BF4B-00C04F79EFBC}") = "DXExample.Module.Win", "DXExample.Module.Win\DXExample.Module.Win.csproj", "{562E679F-9E8E-4A04-883B-CF3962D12D6F}"
EndProject
Project("{FAE04EC0-301F-11D3-BF4B-00C04F79EFBC}") = "DXExample.Win", "DXExample.Win\DXExample.Win.csproj", "{DB700F71-835E-4EB1-B9F4-2525DFF01959}"
EndProject
Global
	GlobalSection(SolutionConfigurationPlatforms) = preSolution
		Debug|Any CPU = Debug|Any CPU
		Release|Any CPU = Release|Any CPU
	EndGlobalSection
	GlobalSection(ProjectConfigurationPlatforms) = postSolution
		{F3DCD67D-C3C0-4898-B35B-E07555368B43}.Debug|Any CPU.ActiveCfg = Debug|Any CPU
		{F3DCD67D-C3C0-4898-B35B-E07555368B43}.Debug|Any CPU.Build.0 = Debug|Any CPU
		{F3DCD67D-C3C0-4898-B35B-E07555368B43}.Release|Any CPU.ActiveCfg = Release|Any CPU
		{F3DCD67D-C3C0-4898-B35B-E07555368B43}.Release|Any CPU.Build.0 = Release|Any CPU
		{4BDAB9C6-DAC8-4647-94C7-990CA5D7CE74}.Debug|Any CPU.ActiveCfg = Debug|Any CPU
		{4BDAB9C6-DAC8-4647-94C7-990CA5D7CE74}.Debug|Any CPU.Build.0 = Debug|Any CPU
		{4BDAB9C6-DAC8-4647-94C7-990CA5D7CE74}.Release|Any CPU.ActiveCfg = Release|Any CPU
		{4BDAB9C6-DAC8-4647-94C7-990CA5D7CE74}.Release|Any CPU.Build.0 = Release|Any CPU
		{DAC9E4E4-8EEE-4420-B5D9-D6E795BD0645}.Debug|Any CPU.ActiveCfg = Debug|Any CPU
		{DAC9E4E4-8EEE-4420-B5D9-D6E795BD0645}.Debug|Any CPU.Build.0 = Debug|Any CPU
		{DAC9E4E4-8EEE-4420-B5D9-D6E795BD0645}.Release|Any CPU.ActiveCfg = Release|Any CPU
		{DAC9E4E4-8EEE-4420-B5D9-D6E795BD0645}.Release|Any CPU.Build.0 = Release|Any CPU
		{562E679F-9E8E-4A04-883B-CF3962D12D6F}.Debug|Any CPU.ActiveCfg = Debug|Any CPU
		{562E679F-9E8E-4A04-883B-CF3962D12D6F}.Debug|Any CPU.Build.0 = Debug|Any CPU
		{562E679F-9E8E-4A04-883B-CF3962D12D6F}.Release|Any CPU.ActiveCfg = Release|Any CPU
		{562E679F-9E8E-4A04-883B-CF3962D12D6F}.Release|Any CPU.Build.0 = Release|Any CPU
		{DB700F71-835E-4EB1-B9F4-2525DFF01959}.Debug|Any CPU.ActiveCfg = Debug|Any CPU
		{DB700F71-835E-4EB1-B9F4-2525DFF01959}.Debug|Any CPU.Build.0 = Debug|Any CPU
		{DB700F71-835E-4EB1-B9F4-2525DFF01959}.Release|Any CPU.ActiveCfg = Release|Any CPU
		{DB700F71-835E-4EB1-B9F4-2525DFF01959}.Release|Any CPU.Build.0 = Release|Any CPU
	EndGlobalSection
	GlobalSection(SolutionProperties) = preSolution
		HideSolutionNode = FALSE
	EndGlobalSection
EndGlobal
